
Microsoft Visual Studio Solution File, Format Version 12.00
# Visual Studio 2013
VisualStudioVersion = 12.0.30501.0
MinimumVisualStudioVersion = 10.0.40219.1
Project("{FAE04EC0-301F-11D3-BF4B-00C04F79EFBC}") = "xmlrpc", "xmlrpc\xmlrpc.csproj", "{729A53AF-E3A5-4FBC-8A64-327F9CC09AAE}"
EndProject
Project("{FAE04EC0-301F-11D3-BF4B-00C04F79EFBC}") = "Microsoft.Samples.XmlRpc", "D:\Download\XmlRpcForWCF\XmlRpcForWCF\Microsoft.Samples.XmlRpc\Microsoft.Samples.XmlRpc.csproj", "{D556D0B7-A193-4610-8DD3-17B715F2C868}"
EndProject
Global
	GlobalSection(SolutionConfigurationPlatforms) = preSolution
		Debug|Any CPU = Debug|Any CPU
		Release|Any CPU = Release|Any CPU
	EndGlobalSection
	GlobalSection(ProjectConfigurationPlatforms) = postSolution
		{729A53AF-E3A5-4FBC-8A64-327F9CC09AAE}.Debug|Any CPU.ActiveCfg = Debug|Any CPU
		{729A53AF-E3A5-4FBC-8A64-327F9CC09AAE}.Debug|Any CPU.Build.0 = Debug|Any CPU
		{729A53AF-E3A5-4FBC-8A64-327F9CC09AAE}.Release|Any CPU.ActiveCfg = Release|Any CPU
		{729A53AF-E3A5-4FBC-8A64-327F9CC09AAE}.Release|Any CPU.Build.0 = Release|Any CPU
		{D556D0B7-A193-4610-8DD3-17B715F2C868}.Debug|Any CPU.ActiveCfg = Debug|Any CPU
		{D556D0B7-A193-4610-8DD3-17B715F2C868}.Debug|Any CPU.Build.0 = Debug|Any CPU
		{D556D0B7-A193-4610-8DD3-17B715F2C868}.Release|Any CPU.ActiveCfg = Release|Any CPU
		{D556D0B7-A193-4610-8DD3-17B715F2C868}.Release|Any CPU.Build.0 = Release|Any CPU
	EndGlobalSection
	GlobalSection(SolutionProperties) = preSolution
		HideSolutionNode = FALSE
	EndGlobalSection
EndGlobal
